// !$*UTF8*$!
{
	archiveVersion = 1;
	classes = {
	};
	objectVersion = 52;
	objects = {

/* Begin PBXBuildFile section */
		010932122611398A001203E0 /* APITests.swift in Sources */ = {isa = PBXBuildFile; fileRef = 010932112611398A001203E0 /* APITests.swift */; };
		0109322926114F04001203E0 /* products.json in Resources */ = {isa = PBXBuildFile; fileRef = 0109322826114F04001203E0 /* products.json */; };
		010932312611508B001203E0 /* empty.json in Resources */ = {isa = PBXBuildFile; fileRef = 010932302611508B001203E0 /* empty.json */; };
		013FA6D3261081D000D7DF9D /* OrientationListner.swift in Sources */ = {isa = PBXBuildFile; fileRef = 013FA6D2261081D000D7DF9D /* OrientationListner.swift */; };
		0142FE3E260F2E1000229314 /* UIStyles.swift in Sources */ = {isa = PBXBuildFile; fileRef = 0142FE3D260F2E1000229314 /* UIStyles.swift */; };
		0143CE7F260E56D4007DA2F0 /* AdiChallengeApp.swift in Sources */ = {isa = PBXBuildFile; fileRef = 0143CE7E260E56D4007DA2F0 /* AdiChallengeApp.swift */; };
		0143CE81260E56D4007DA2F0 /* ProductListView.swift in Sources */ = {isa = PBXBuildFile; fileRef = 0143CE80260E56D4007DA2F0 /* ProductListView.swift */; };
		0143CE83260E56D4007DA2F0 /* Assets.xcassets in Resources */ = {isa = PBXBuildFile; fileRef = 0143CE82260E56D4007DA2F0 /* Assets.xcassets */; };
		0143CE86260E56D4007DA2F0 /* Preview Assets.xcassets in Resources */ = {isa = PBXBuildFile; fileRef = 0143CE85260E56D4007DA2F0 /* Preview Assets.xcassets */; };
		0143CE94260E57FE007DA2F0 /* Product.swift in Sources */ = {isa = PBXBuildFile; fileRef = 0143CE93260E57FE007DA2F0 /* Product.swift */; };
		0143CE97260E5865007DA2F0 /* ProductViewModel.swift in Sources */ = {isa = PBXBuildFile; fileRef = 0143CE96260E5865007DA2F0 /* ProductViewModel.swift */; };
		0143CE9A260E5884007DA2F0 /* ProductListViewModel.swift in Sources */ = {isa = PBXBuildFile; fileRef = 0143CE99260E5884007DA2F0 /* ProductListViewModel.swift */; };
		0143CEA0260E6066007DA2F0 /* NetworkService.swift in Sources */ = {isa = PBXBuildFile; fileRef = 0143CE9F260E6066007DA2F0 /* NetworkService.swift */; };
		0161B562260E991300FE83DA /* ProductListViewCell.swift in Sources */ = {isa = PBXBuildFile; fileRef = 0161B561260E991300FE83DA /* ProductListViewCell.swift */; };
		0161B565260E9A2800FE83DA /* ProductImageLoader.swift in Sources */ = {isa = PBXBuildFile; fileRef = 0161B564260E9A2800FE83DA /* ProductImageLoader.swift */; };
		0161B56C260E9A9E00FE83DA /* ProductImageView.swift in Sources */ = {isa = PBXBuildFile; fileRef = 0161B56B260E9A9E00FE83DA /* ProductImageView.swift */; };
		0161B576260EA84800FE83DA /* ProductImageCache.swift in Sources */ = {isa = PBXBuildFile; fileRef = 0161B575260EA84800FE83DA /* ProductImageCache.swift */; };
		0161B57A260EA86900FE83DA /* EnvironmentValues+ImageCache.swift in Sources */ = {isa = PBXBuildFile; fileRef = 0161B579260EA86900FE83DA /* EnvironmentValues+ImageCache.swift */; };
		0161B57D260EB16C00FE83DA /* ProductDetailView.swift in Sources */ = {isa = PBXBuildFile; fileRef = 0161B57C260EB16C00FE83DA /* ProductDetailView.swift */; };
		0161B580260EB53E00FE83DA /* AddProductReview.swift in Sources */ = {isa = PBXBuildFile; fileRef = 0161B57F260EB53E00FE83DA /* AddProductReview.swift */; };
		0161B583260EB8AF00FE83DA /* Review.swift in Sources */ = {isa = PBXBuildFile; fileRef = 0161B582260EB8AF00FE83DA /* Review.swift */; };
		0161B586260EBAF300FE83DA /* ProductRatingView.swift in Sources */ = {isa = PBXBuildFile; fileRef = 0161B585260EBAF300FE83DA /* ProductRatingView.swift */; };
		0161B58B260EF09400FE83DA /* Constants.swift in Sources */ = {isa = PBXBuildFile; fileRef = 0161B58A260EF09400FE83DA /* Constants.swift */; };
		016F6F262611317B008D0FAC /* AdiChallengeTests.swift in Sources */ = {isa = PBXBuildFile; fileRef = 016F6F252611317B008D0FAC /* AdiChallengeTests.swift */; };
		016F6F38261136CF008D0FAC /* OHHTTPStubs in Frameworks */ = {isa = PBXBuildFile; productRef = 016F6F37261136CF008D0FAC /* OHHTTPStubs */; };
		016F6F3A261136CF008D0FAC /* OHHTTPStubsSwift in Frameworks */ = {isa = PBXBuildFile; productRef = 016F6F39261136CF008D0FAC /* OHHTTPStubsSwift */; };
		018A397B260F9F120005F7D6 /* LogManager.swift in Sources */ = {isa = PBXBuildFile; fileRef = 018A397A260F9F120005F7D6 /* LogManager.swift */; };
		019CE3D02611F6FC00DA9E7F /* README.md in Resources */ = {isa = PBXBuildFile; fileRef = 019CE3CF2611F6FC00DA9E7F /* README.md */; };
		01EB42F12611242E0098C30E /* AdiChallengeUITests.swift in Sources */ = {isa = PBXBuildFile; fileRef = 01EB42F02611242E0098C30E /* AdiChallengeUITests.swift */; };
/* End PBXBuildFile section */

/* Begin PBXContainerItemProxy section */
		016F6F282611317B008D0FAC /* PBXContainerItemProxy */ = {
			isa = PBXContainerItemProxy;
			containerPortal = 0143CE73260E56D4007DA2F0 /* Project object */;
			proxyType = 1;
			remoteGlobalIDString = 0143CE7A260E56D4007DA2F0;
			remoteInfo = AdiChallenge;
		};
		01EB42F32611242E0098C30E /* PBXContainerItemProxy */ = {
			isa = PBXContainerItemProxy;
			containerPortal = 0143CE73260E56D4007DA2F0 /* Project object */;
			proxyType = 1;
			remoteGlobalIDString = 0143CE7A260E56D4007DA2F0;
			remoteInfo = AdiChallenge;
		};
/* End PBXContainerItemProxy section */

/* Begin PBXFileReference section */
		010932112611398A001203E0 /* APITests.swift */ = {isa = PBXFileReference; lastKnownFileType = sourcecode.swift; path = APITests.swift; sourceTree = "<group>"; };
		0109322826114F04001203E0 /* products.json */ = {isa = PBXFileReference; fileEncoding = 4; lastKnownFileType = text.json; name = products.json; path = responses/products.json; sourceTree = "<group>"; };
		010932302611508B001203E0 /* empty.json */ = {isa = PBXFileReference; fileEncoding = 4; lastKnownFileType = text.json; name = empty.json; path = responses/empty.json; sourceTree = "<group>"; };
		013FA6D2261081D000D7DF9D /* OrientationListner.swift */ = {isa = PBXFileReference; lastKnownFileType = sourcecode.swift; path = OrientationListner.swift; sourceTree = "<group>"; };
		0142FE3D260F2E1000229314 /* UIStyles.swift */ = {isa = PBXFileReference; lastKnownFileType = sourcecode.swift; path = UIStyles.swift; sourceTree = "<group>"; };
		0143CE7B260E56D4007DA2F0 /* AdiChallenge.app */ = {isa = PBXFileReference; explicitFileType = wrapper.application; includeInIndex = 0; path = AdiChallenge.app; sourceTree = BUILT_PRODUCTS_DIR; };
		0143CE7E260E56D4007DA2F0 /* AdiChallengeApp.swift */ = {isa = PBXFileReference; lastKnownFileType = sourcecode.swift; path = AdiChallengeApp.swift; sourceTree = "<group>"; };
		0143CE80260E56D4007DA2F0 /* ProductListView.swift */ = {isa = PBXFileReference; lastKnownFileType = sourcecode.swift; path = ProductListView.swift; sourceTree = "<group>"; };
		0143CE82260E56D4007DA2F0 /* Assets.xcassets */ = {isa = PBXFileReference; lastKnownFileType = folder.assetcatalog; path = Assets.xcassets; sourceTree = "<group>"; };
		0143CE85260E56D4007DA2F0 /* Preview Assets.xcassets */ = {isa = PBXFileReference; lastKnownFileType = folder.assetcatalog; path = "Preview Assets.xcassets"; sourceTree = "<group>"; };
		0143CE87260E56D4007DA2F0 /* Info.plist */ = {isa = PBXFileReference; lastKnownFileType = text.plist.xml; path = Info.plist; sourceTree = "<group>"; };
		0143CE93260E57FE007DA2F0 /* Product.swift */ = {isa = PBXFileReference; lastKnownFileType = sourcecode.swift; path = Product.swift; sourceTree = "<group>"; };
		0143CE96260E5865007DA2F0 /* ProductViewModel.swift */ = {isa = PBXFileReference; lastKnownFileType = sourcecode.swift; path = ProductViewModel.swift; sourceTree = "<group>"; };
		0143CE99260E5884007DA2F0 /* ProductListViewModel.swift */ = {isa = PBXFileReference; lastKnownFileType = sourcecode.swift; path = ProductListViewModel.swift; sourceTree = "<group>"; };
		0143CE9F260E6066007DA2F0 /* NetworkService.swift */ = {isa = PBXFileReference; lastKnownFileType = sourcecode.swift; path = NetworkService.swift; sourceTree = "<group>"; };
		0161B561260E991300FE83DA /* ProductListViewCell.swift */ = {isa = PBXFileReference; lastKnownFileType = sourcecode.swift; path = ProductListViewCell.swift; sourceTree = "<group>"; };
		0161B564260E9A2800FE83DA /* ProductImageLoader.swift */ = {isa = PBXFileReference; lastKnownFileType = sourcecode.swift; path = ProductImageLoader.swift; sourceTree = "<group>"; };
		0161B56B260E9A9E00FE83DA /* ProductImageView.swift */ = {isa = PBXFileReference; lastKnownFileType = sourcecode.swift; path = ProductImageView.swift; sourceTree = "<group>"; };
		0161B575260EA84800FE83DA /* ProductImageCache.swift */ = {isa = PBXFileReference; lastKnownFileType = sourcecode.swift; path = ProductImageCache.swift; sourceTree = "<group>"; };
		0161B579260EA86900FE83DA /* EnvironmentValues+ImageCache.swift */ = {isa = PBXFileReference; lastKnownFileType = sourcecode.swift; path = "EnvironmentValues+ImageCache.swift"; sourceTree = "<group>"; };
		0161B57C260EB16C00FE83DA /* ProductDetailView.swift */ = {isa = PBXFileReference; lastKnownFileType = sourcecode.swift; path = ProductDetailView.swift; sourceTree = "<group>"; };
		0161B57F260EB53E00FE83DA /* AddProductReview.swift */ = {isa = PBXFileReference; lastKnownFileType = sourcecode.swift; path = AddProductReview.swift; sourceTree = "<group>"; };
		0161B582260EB8AF00FE83DA /* Review.swift */ = {isa = PBXFileReference; lastKnownFileType = sourcecode.swift; path = Review.swift; sourceTree = "<group>"; };
		0161B585260EBAF300FE83DA /* ProductRatingView.swift */ = {isa = PBXFileReference; lastKnownFileType = sourcecode.swift; path = ProductRatingView.swift; sourceTree = "<group>"; };
		0161B58A260EF09400FE83DA /* Constants.swift */ = {isa = PBXFileReference; lastKnownFileType = sourcecode.swift; path = Constants.swift; sourceTree = "<group>"; };
		016F6F232611317B008D0FAC /* AdiChallengeTests.xctest */ = {isa = PBXFileReference; explicitFileType = wrapper.cfbundle; includeInIndex = 0; path = AdiChallengeTests.xctest; sourceTree = BUILT_PRODUCTS_DIR; };
		016F6F252611317B008D0FAC /* AdiChallengeTests.swift */ = {isa = PBXFileReference; lastKnownFileType = sourcecode.swift; path = AdiChallengeTests.swift; sourceTree = "<group>"; };
		016F6F272611317B008D0FAC /* Info.plist */ = {isa = PBXFileReference; lastKnownFileType = text.plist.xml; path = Info.plist; sourceTree = "<group>"; };
		018A397A260F9F120005F7D6 /* LogManager.swift */ = {isa = PBXFileReference; lastKnownFileType = sourcecode.swift; path = LogManager.swift; sourceTree = "<group>"; };
		019CE3CF2611F6FC00DA9E7F /* README.md */ = {isa = PBXFileReference; fileEncoding = 4; lastKnownFileType = net.daringfireball.markdown; path = README.md; sourceTree = SOURCE_ROOT; };
		01EB42EE2611242E0098C30E /* AdiChallengeUITests.xctest */ = {isa = PBXFileReference; explicitFileType = wrapper.cfbundle; includeInIndex = 0; path = AdiChallengeUITests.xctest; sourceTree = BUILT_PRODUCTS_DIR; };
		01EB42F02611242E0098C30E /* AdiChallengeUITests.swift */ = {isa = PBXFileReference; lastKnownFileType = sourcecode.swift; path = AdiChallengeUITests.swift; sourceTree = "<group>"; };
		01EB42F22611242E0098C30E /* Info.plist */ = {isa = PBXFileReference; lastKnownFileType = text.plist.xml; path = Info.plist; sourceTree = "<group>"; };
/* End PBXFileReference section */

/* Begin PBXFrameworksBuildPhase section */
		0143CE78260E56D4007DA2F0 /* Frameworks */ = {
			isa = PBXFrameworksBuildPhase;
			buildActionMask = 2147483647;
			files = (
			);
			runOnlyForDeploymentPostprocessing = 0;
		};
		016F6F202611317B008D0FAC /* Frameworks */ = {
			isa = PBXFrameworksBuildPhase;
			buildActionMask = 2147483647;
			files = (
				016F6F38261136CF008D0FAC /* OHHTTPStubs in Frameworks */,
				016F6F3A261136CF008D0FAC /* OHHTTPStubsSwift in Frameworks */,
			);
			runOnlyForDeploymentPostprocessing = 0;
		};
		01EB42EB2611242E0098C30E /* Frameworks */ = {
			isa = PBXFrameworksBuildPhase;
			buildActionMask = 2147483647;
			files = (
			);
			runOnlyForDeploymentPostprocessing = 0;
		};
/* End PBXFrameworksBuildPhase section */

/* Begin PBXGroup section */
		01093221261143EA001203E0 /* responses */ = {
			isa = PBXGroup;
			children = (
				0109322826114F04001203E0 /* products.json */,
				010932302611508B001203E0 /* empty.json */,
			);
			name = responses;
			sourceTree = "<group>";
		};
		0143CE72260E56D4007DA2F0 = {
			isa = PBXGroup;
			children = (
				0143CE7D260E56D4007DA2F0 /* AdiChallenge */,
				01EB42EF2611242E0098C30E /* AdiChallengeUITests */,
				016F6F242611317B008D0FAC /* AdiChallengeTests */,
				0143CE7C260E56D4007DA2F0 /* Products */,
			);
			sourceTree = "<group>";
		};
		0143CE7C260E56D4007DA2F0 /* Products */ = {
			isa = PBXGroup;
			children = (
				0143CE7B260E56D4007DA2F0 /* AdiChallenge.app */,
				01EB42EE2611242E0098C30E /* AdiChallengeUITests.xctest */,
				016F6F232611317B008D0FAC /* AdiChallengeTests.xctest */,
			);
			name = Products;
			sourceTree = "<group>";
		};
		0143CE7D260E56D4007DA2F0 /* AdiChallenge */ = {
			isa = PBXGroup;
			children = (
				019CE3CF2611F6FC00DA9E7F /* README.md */,
				0143CE7E260E56D4007DA2F0 /* AdiChallengeApp.swift */,
				018A3979260F9EE30005F7D6 /* Logger */,
				0161B589260EF08700FE83DA /* Utils */,
				0161B574260EA82D00FE83DA /* Cache */,
				0161B552260E70B100FE83DA /* Network */,
				0161B556260E70D600FE83DA /* Models */,
				0161B55B260E8AAD00FE83DA /* Views */,
				0161B554260E70CB00FE83DA /* ViewModels */,
				0143CE82260E56D4007DA2F0 /* Assets.xcassets */,
				0143CE87260E56D4007DA2F0 /* Info.plist */,
				0143CE84260E56D4007DA2F0 /* Preview Content */,
			);
			path = AdiChallenge;
			sourceTree = "<group>";
		};
		0143CE84260E56D4007DA2F0 /* Preview Content */ = {
			isa = PBXGroup;
			children = (
				0143CE85260E56D4007DA2F0 /* Preview Assets.xcassets */,
			);
			path = "Preview Content";
			sourceTree = "<group>";
		};
		0161B552260E70B100FE83DA /* Network */ = {
			isa = PBXGroup;
			children = (
				0143CE9F260E6066007DA2F0 /* NetworkService.swift */,
			);
			path = Network;
			sourceTree = "<group>";
		};
		0161B554260E70CB00FE83DA /* ViewModels */ = {
			isa = PBXGroup;
			children = (
				0143CE99260E5884007DA2F0 /* ProductListViewModel.swift */,
				0143CE96260E5865007DA2F0 /* ProductViewModel.swift */,
				0161B564260E9A2800FE83DA /* ProductImageLoader.swift */,
			);
			path = ViewModels;
			sourceTree = "<group>";
		};
		0161B556260E70D600FE83DA /* Models */ = {
			isa = PBXGroup;
			children = (
				0143CE93260E57FE007DA2F0 /* Product.swift */,
				0161B582260EB8AF00FE83DA /* Review.swift */,
			);
			path = Models;
			sourceTree = "<group>";
		};
		0161B55B260E8AAD00FE83DA /* Views */ = {
			isa = PBXGroup;
			children = (
				0143CE80260E56D4007DA2F0 /* ProductListView.swift */,
				0161B561260E991300FE83DA /* ProductListViewCell.swift */,
				0161B56B260E9A9E00FE83DA /* ProductImageView.swift */,
				0161B57C260EB16C00FE83DA /* ProductDetailView.swift */,
				0161B57F260EB53E00FE83DA /* AddProductReview.swift */,
				0161B585260EBAF300FE83DA /* ProductRatingView.swift */,
			);
			path = Views;
			sourceTree = "<group>";
		};
		0161B574260EA82D00FE83DA /* Cache */ = {
			isa = PBXGroup;
			children = (
				0161B575260EA84800FE83DA /* ProductImageCache.swift */,
			);
			path = Cache;
			sourceTree = "<group>";
		};
		0161B589260EF08700FE83DA /* Utils */ = {
			isa = PBXGroup;
			children = (
				0161B579260EA86900FE83DA /* EnvironmentValues+ImageCache.swift */,
				0161B58A260EF09400FE83DA /* Constants.swift */,
				0142FE3D260F2E1000229314 /* UIStyles.swift */,
				013FA6D2261081D000D7DF9D /* OrientationListner.swift */,
			);
			path = Utils;
			sourceTree = "<group>";
		};
		016F6F242611317B008D0FAC /* AdiChallengeTests */ = {
			isa = PBXGroup;
			children = (
				016F6F252611317B008D0FAC /* AdiChallengeTests.swift */,
				010932112611398A001203E0 /* APITests.swift */,
				01093221261143EA001203E0 /* responses */,
				016F6F272611317B008D0FAC /* Info.plist */,
			);
			path = AdiChallengeTests;
			sourceTree = "<group>";
		};
		018A3979260F9EE30005F7D6 /* Logger */ = {
			isa = PBXGroup;
			children = (
				018A397A260F9F120005F7D6 /* LogManager.swift */,
			);
			path = Logger;
			sourceTree = "<group>";
		};
		01EB42EF2611242E0098C30E /* AdiChallengeUITests */ = {
			isa = PBXGroup;
			children = (
				01EB42F02611242E0098C30E /* AdiChallengeUITests.swift */,
				01EB42F22611242E0098C30E /* Info.plist */,
			);
			path = AdiChallengeUITests;
			sourceTree = "<group>";
		};
/* End PBXGroup section */

/* Begin PBXNativeTarget section */
		0143CE7A260E56D4007DA2F0 /* AdiChallenge */ = {
			isa = PBXNativeTarget;
			buildConfigurationList = 0143CE8A260E56D4007DA2F0 /* Build configuration list for PBXNativeTarget "AdiChallenge" */;
			buildPhases = (
				0143CE77260E56D4007DA2F0 /* Sources */,
				0143CE78260E56D4007DA2F0 /* Frameworks */,
				0143CE79260E56D4007DA2F0 /* Resources */,
			);
			buildRules = (
			);
			dependencies = (
			);
			name = AdiChallenge;
			productName = AdiChallenge;
			productReference = 0143CE7B260E56D4007DA2F0 /* AdiChallenge.app */;
			productType = "com.apple.product-type.application";
		};
		016F6F222611317B008D0FAC /* AdiChallengeTests */ = {
			isa = PBXNativeTarget;
			buildConfigurationList = 016F6F2C2611317B008D0FAC /* Build configuration list for PBXNativeTarget "AdiChallengeTests" */;
			buildPhases = (
				016F6F1F2611317B008D0FAC /* Sources */,
				016F6F202611317B008D0FAC /* Frameworks */,
				016F6F212611317B008D0FAC /* Resources */,
			);
			buildRules = (
			);
			dependencies = (
				016F6F292611317B008D0FAC /* PBXTargetDependency */,
			);
			name = AdiChallengeTests;
			packageProductDependencies = (
				016F6F37261136CF008D0FAC /* OHHTTPStubs */,
				016F6F39261136CF008D0FAC /* OHHTTPStubsSwift */,
			);
			productName = AdiChallengeTests;
			productReference = 016F6F232611317B008D0FAC /* AdiChallengeTests.xctest */;
			productType = "com.apple.product-type.bundle.unit-test";
		};
		01EB42ED2611242E0098C30E /* AdiChallengeUITests */ = {
			isa = PBXNativeTarget;
			buildConfigurationList = 01EB42F72611242E0098C30E /* Build configuration list for PBXNativeTarget "AdiChallengeUITests" */;
			buildPhases = (
				01EB42EA2611242E0098C30E /* Sources */,
				01EB42EB2611242E0098C30E /* Frameworks */,
				01EB42EC2611242E0098C30E /* Resources */,
			);
			buildRules = (
			);
			dependencies = (
				01EB42F42611242E0098C30E /* PBXTargetDependency */,
			);
			name = AdiChallengeUITests;
			productName = AdiChallengeUITests;
			productReference = 01EB42EE2611242E0098C30E /* AdiChallengeUITests.xctest */;
			productType = "com.apple.product-type.bundle.ui-testing";
		};
/* End PBXNativeTarget section */

/* Begin PBXProject section */
		0143CE73260E56D4007DA2F0 /* Project object */ = {
			isa = PBXProject;
			attributes = {
				LastSwiftUpdateCheck = 1240;
				LastUpgradeCheck = 1240;
				TargetAttributes = {
					0143CE7A260E56D4007DA2F0 = {
						CreatedOnToolsVersion = 12.4;
					};
					016F6F222611317B008D0FAC = {
						CreatedOnToolsVersion = 12.4;
						TestTargetID = 0143CE7A260E56D4007DA2F0;
					};
					01EB42ED2611242E0098C30E = {
						CreatedOnToolsVersion = 12.4;
						TestTargetID = 0143CE7A260E56D4007DA2F0;
					};
				};
			};
			buildConfigurationList = 0143CE76260E56D4007DA2F0 /* Build configuration list for PBXProject "AdiChallenge" */;
			compatibilityVersion = "Xcode 9.3";
			developmentRegion = en;
			hasScannedForEncodings = 0;
			knownRegions = (
				en,
				Base,
			);
			mainGroup = 0143CE72260E56D4007DA2F0;
			packageReferences = (
				016F6F36261136CF008D0FAC /* XCRemoteSwiftPackageReference "OHHTTPStubs" */,
			);
			productRefGroup = 0143CE7C260E56D4007DA2F0 /* Products */;
			projectDirPath = "";
			projectRoot = "";
			targets = (
				0143CE7A260E56D4007DA2F0 /* AdiChallenge */,
				016F6F222611317B008D0FAC /* AdiChallengeTests */,
				01EB42ED2611242E0098C30E /* AdiChallengeUITests */,
			);
		};
/* End PBXProject section */

/* Begin PBXResourcesBuildPhase section */
		0143CE79260E56D4007DA2F0 /* Resources */ = {
			isa = PBXResourcesBuildPhase;
			buildActionMask = 2147483647;
			files = (
				019CE3D02611F6FC00DA9E7F /* README.md in Resources */,
				0143CE86260E56D4007DA2F0 /* Preview Assets.xcassets in Resources */,
				0143CE83260E56D4007DA2F0 /* Assets.xcassets in Resources */,
			);
			runOnlyForDeploymentPostprocessing = 0;
		};
		016F6F212611317B008D0FAC /* Resources */ = {
			isa = PBXResourcesBuildPhase;
			buildActionMask = 2147483647;
			files = (
				0109322926114F04001203E0 /* products.json in Resources */,
				010932312611508B001203E0 /* empty.json in Resources */,
			);
			runOnlyForDeploymentPostprocessing = 0;
		};
		01EB42EC2611242E0098C30E /* Resources */ = {
			isa = PBXResourcesBuildPhase;
			buildActionMask = 2147483647;
			files = (
			);
			runOnlyForDeploymentPostprocessing = 0;
		};
/* End PBXResourcesBuildPhase section */

/* Begin PBXSourcesBuildPhase section */
		0143CE77260E56D4007DA2F0 /* Sources */ = {
			isa = PBXSourcesBuildPhase;
			buildActionMask = 2147483647;
			files = (
				0161B562260E991300FE83DA /* ProductListViewCell.swift in Sources */,
				0143CE81260E56D4007DA2F0 /* ProductListView.swift in Sources */,
				0161B576260EA84800FE83DA /* ProductImageCache.swift in Sources */,
				0161B565260E9A2800FE83DA /* ProductImageLoader.swift in Sources */,
				013FA6D3261081D000D7DF9D /* OrientationListner.swift in Sources */,
				0161B586260EBAF300FE83DA /* ProductRatingView.swift in Sources */,
				0143CE7F260E56D4007DA2F0 /* AdiChallengeApp.swift in Sources */,
				0161B57D260EB16C00FE83DA /* ProductDetailView.swift in Sources */,
				0161B58B260EF09400FE83DA /* Constants.swift in Sources */,
				0143CE97260E5865007DA2F0 /* ProductViewModel.swift in Sources */,
				0143CE9A260E5884007DA2F0 /* ProductListViewModel.swift in Sources */,
				0143CE94260E57FE007DA2F0 /* Product.swift in Sources */,
				018A397B260F9F120005F7D6 /* LogManager.swift in Sources */,
				0161B583260EB8AF00FE83DA /* Review.swift in Sources */,
				0161B580260EB53E00FE83DA /* AddProductReview.swift in Sources */,
				0143CEA0260E6066007DA2F0 /* NetworkService.swift in Sources */,
				0142FE3E260F2E1000229314 /* UIStyles.swift in Sources */,
				0161B57A260EA86900FE83DA /* EnvironmentValues+ImageCache.swift in Sources */,
				0161B56C260E9A9E00FE83DA /* ProductImageView.swift in Sources */,
			);
			runOnlyForDeploymentPostprocessing = 0;
		};
		016F6F1F2611317B008D0FAC /* Sources */ = {
			isa = PBXSourcesBuildPhase;
			buildActionMask = 2147483647;
			files = (
				010932122611398A001203E0 /* APITests.swift in Sources */,
				016F6F262611317B008D0FAC /* AdiChallengeTests.swift in Sources */,
			);
			runOnlyForDeploymentPostprocessing = 0;
		};
		01EB42EA2611242E0098C30E /* Sources */ = {
			isa = PBXSourcesBuildPhase;
			buildActionMask = 2147483647;
			files = (
				01EB42F12611242E0098C30E /* AdiChallengeUITests.swift in Sources */,
			);
			runOnlyForDeploymentPostprocessing = 0;
		};
/* End PBXSourcesBuildPhase section */

/* Begin PBXTargetDependency section */
		016F6F292611317B008D0FAC /* PBXTargetDependency */ = {
			isa = PBXTargetDependency;
			target = 0143CE7A260E56D4007DA2F0 /* AdiChallenge */;
			targetProxy = 016F6F282611317B008D0FAC /* PBXContainerItemProxy */;
		};
		01EB42F42611242E0098C30E /* PBXTargetDependency */ = {
			isa = PBXTargetDependency;
			target = 0143CE7A260E56D4007DA2F0 /* AdiChallenge */;
			targetProxy = 01EB42F32611242E0098C30E /* PBXContainerItemProxy */;
		};
/* End PBXTargetDependency section */

/* Begin XCBuildConfiguration section */
		0143CE88260E56D4007DA2F0 /* Debug */ = {
			isa = XCBuildConfiguration;
			buildSettings = {
				ALWAYS_SEARCH_USER_PATHS = NO;
				CLANG_ANALYZER_NONNULL = YES;
				CLANG_ANALYZER_NUMBER_OBJECT_CONVERSION = YES_AGGRESSIVE;
				CLANG_CXX_LANGUAGE_STANDARD = "gnu++14";
				CLANG_CXX_LIBRARY = "libc++";
				CLANG_ENABLE_MODULES = YES;
				CLANG_ENABLE_OBJC_ARC = YES;
				CLANG_ENABLE_OBJC_WEAK = YES;
				CLANG_WARN_BLOCK_CAPTURE_AUTORELEASING = YES;
				CLANG_WARN_BOOL_CONVERSION = YES;
				CLANG_WARN_COMMA = YES;
				CLANG_WARN_CONSTANT_CONVERSION = YES;
				CLANG_WARN_DEPRECATED_OBJC_IMPLEMENTATIONS = YES;
				CLANG_WARN_DIRECT_OBJC_ISA_USAGE = YES_ERROR;
				CLANG_WARN_DOCUMENTATION_COMMENTS = YES;
				CLANG_WARN_EMPTY_BODY = YES;
				CLANG_WARN_ENUM_CONVERSION = YES;
				CLANG_WARN_INFINITE_RECURSION = YES;
				CLANG_WARN_INT_CONVERSION = YES;
				CLANG_WARN_NON_LITERAL_NULL_CONVERSION = YES;
				CLANG_WARN_OBJC_IMPLICIT_RETAIN_SELF = YES;
				CLANG_WARN_OBJC_LITERAL_CONVERSION = YES;
				CLANG_WARN_OBJC_ROOT_CLASS = YES_ERROR;
				CLANG_WARN_QUOTED_INCLUDE_IN_FRAMEWORK_HEADER = YES;
				CLANG_WARN_RANGE_LOOP_ANALYSIS = YES;
				CLANG_WARN_STRICT_PROTOTYPES = YES;
				CLANG_WARN_SUSPICIOUS_MOVE = YES;
				CLANG_WARN_UNGUARDED_AVAILABILITY = YES_AGGRESSIVE;
				CLANG_WARN_UNREACHABLE_CODE = YES;
				CLANG_WARN__DUPLICATE_METHOD_MATCH = YES;
				COPY_PHASE_STRIP = NO;
				DEBUG_INFORMATION_FORMAT = dwarf;
				ENABLE_STRICT_OBJC_MSGSEND = YES;
				ENABLE_TESTABILITY = YES;
				GCC_C_LANGUAGE_STANDARD = gnu11;
				GCC_DYNAMIC_NO_PIC = NO;
				GCC_NO_COMMON_BLOCKS = YES;
				GCC_OPTIMIZATION_LEVEL = 0;
				GCC_PREPROCESSOR_DEFINITIONS = (
					"DEBUG=1",
					"$(inherited)",
				);
				GCC_WARN_64_TO_32_BIT_CONVERSION = YES;
				GCC_WARN_ABOUT_RETURN_TYPE = YES_ERROR;
				GCC_WARN_UNDECLARED_SELECTOR = YES;
				GCC_WARN_UNINITIALIZED_AUTOS = YES_AGGRESSIVE;
				GCC_WARN_UNUSED_FUNCTION = YES;
				GCC_WARN_UNUSED_VARIABLE = YES;
				IPHONEOS_DEPLOYMENT_TARGET = 14.4;
				MTL_ENABLE_DEBUG_INFO = INCLUDE_SOURCE;
				MTL_FAST_MATH = YES;
				ONLY_ACTIVE_ARCH = YES;
				SDKROOT = iphoneos;
				SWIFT_ACTIVE_COMPILATION_CONDITIONS = DEBUG;
				SWIFT_OPTIMIZATION_LEVEL = "-Onone";
			};
			name = Debug;
		};
		0143CE89260E56D4007DA2F0 /* Release */ = {
			isa = XCBuildConfiguration;
			buildSettings = {
				ALWAYS_SEARCH_USER_PATHS = NO;
				CLANG_ANALYZER_NONNULL = YES;
				CLANG_ANALYZER_NUMBER_OBJECT_CONVERSION = YES_AGGRESSIVE;
				CLANG_CXX_LANGUAGE_STANDARD = "gnu++14";
				CLANG_CXX_LIBRARY = "libc++";
				CLANG_ENABLE_MODULES = YES;
				CLANG_ENABLE_OBJC_ARC = YES;
				CLANG_ENABLE_OBJC_WEAK = YES;
				CLANG_WARN_BLOCK_CAPTURE_AUTORELEASING = YES;
				CLANG_WARN_BOOL_CONVERSION = YES;
				CLANG_WARN_COMMA = YES;
				CLANG_WARN_CONSTANT_CONVERSION = YES;
				CLANG_WARN_DEPRECATED_OBJC_IMPLEMENTATIONS = YES;
				CLANG_WARN_DIRECT_OBJC_ISA_USAGE = YES_ERROR;
				CLANG_WARN_DOCUMENTATION_COMMENTS = YES;
				CLANG_WARN_EMPTY_BODY = YES;
				CLANG_WARN_ENUM_CONVERSION = YES;
				CLANG_WARN_INFINITE_RECURSION = YES;
				CLANG_WARN_INT_CONVERSION = YES;
				CLANG_WARN_NON_LITERAL_NULL_CONVERSION = YES;
				CLANG_WARN_OBJC_IMPLICIT_RETAIN_SELF = YES;
				CLANG_WARN_OBJC_LITERAL_CONVERSION = YES;
				CLANG_WARN_OBJC_ROOT_CLASS = YES_ERROR;
				CLANG_WARN_QUOTED_INCLUDE_IN_FRAMEWORK_HEADER = YES;
				CLANG_WARN_RANGE_LOOP_ANALYSIS = YES;
				CLANG_WARN_STRICT_PROTOTYPES = YES;
				CLANG_WARN_SUSPICIOUS_MOVE = YES;
				CLANG_WARN_UNGUARDED_AVAILABILITY = YES_AGGRESSIVE;
				CLANG_WARN_UNREACHABLE_CODE = YES;
				CLANG_WARN__DUPLICATE_METHOD_MATCH = YES;
				COPY_PHASE_STRIP = NO;
				DEBUG_INFORMATION_FORMAT = "dwarf-with-dsym";
				ENABLE_NS_ASSERTIONS = NO;
				ENABLE_STRICT_OBJC_MSGSEND = YES;
				GCC_C_LANGUAGE_STANDARD = gnu11;
				GCC_NO_COMMON_BLOCKS = YES;
				GCC_WARN_64_TO_32_BIT_CONVERSION = YES;
				GCC_WARN_ABOUT_RETURN_TYPE = YES_ERROR;
				GCC_WARN_UNDECLARED_SELECTOR = YES;
				GCC_WARN_UNINITIALIZED_AUTOS = YES_AGGRESSIVE;
				GCC_WARN_UNUSED_FUNCTION = YES;
				GCC_WARN_UNUSED_VARIABLE = YES;
				IPHONEOS_DEPLOYMENT_TARGET = 14.4;
				MTL_ENABLE_DEBUG_INFO = NO;
				MTL_FAST_MATH = YES;
				SDKROOT = iphoneos;
				SWIFT_COMPILATION_MODE = wholemodule;
				SWIFT_OPTIMIZATION_LEVEL = "-O";
				VALIDATE_PRODUCT = YES;
			};
			name = Release;
		};
		0143CE8B260E56D4007DA2F0 /* Debug */ = {
			isa = XCBuildConfiguration;
			buildSettings = {
				ASSETCATALOG_COMPILER_APPICON_NAME = AppIcon;
				ASSETCATALOG_COMPILER_GLOBAL_ACCENT_COLOR_NAME = AccentColor;
				CODE_SIGN_STYLE = Automatic;
				DEVELOPMENT_ASSET_PATHS = "\"AdiChallenge/Preview Content\"";
				DEVELOPMENT_TEAM = YSZYL893PN;
				ENABLE_PREVIEWS = YES;
				INFOPLIST_FILE = AdiChallenge/Info.plist;
				IPHONEOS_DEPLOYMENT_TARGET = 14.0;
				LD_RUNPATH_SEARCH_PATHS = (
					"$(inherited)",
					"@executable_path/Frameworks",
				);
				PRODUCT_BUNDLE_IDENTIFIER = com.itianservices.AdiChallenge;
				PRODUCT_NAME = "$(TARGET_NAME)";
				SWIFT_VERSION = 5.0;
				TARGETED_DEVICE_FAMILY = "1,2";
			};
			name = Debug;
		};
		0143CE8C260E56D4007DA2F0 /* Release */ = {
			isa = XCBuildConfiguration;
			buildSettings = {
				ASSETCATALOG_COMPILER_APPICON_NAME = AppIcon;
				ASSETCATALOG_COMPILER_GLOBAL_ACCENT_COLOR_NAME = AccentColor;
				CODE_SIGN_STYLE = Automatic;
				DEVELOPMENT_ASSET_PATHS = "\"AdiChallenge/Preview Content\"";
				DEVELOPMENT_TEAM = YSZYL893PN;
				ENABLE_PREVIEWS = YES;
				INFOPLIST_FILE = AdiChallenge/Info.plist;
				IPHONEOS_DEPLOYMENT_TARGET = 14.0;
				LD_RUNPATH_SEARCH_PATHS = (
					"$(inherited)",
					"@executable_path/Frameworks",
				);
				PRODUCT_BUNDLE_IDENTIFIER = com.itianservices.AdiChallenge;
				PRODUCT_NAME = "$(TARGET_NAME)";
				SWIFT_VERSION = 5.0;
				TARGETED_DEVICE_FAMILY = "1,2";
			};
			name = Release;
		};
		016F6F2A2611317B008D0FAC /* Debug */ = {
			isa = XCBuildConfiguration;
			buildSettings = {
				BUNDLE_LOADER = "$(TEST_HOST)";
				CODE_SIGN_STYLE = Automatic;
				DEVELOPMENT_TEAM = YSZYL893PN;
				INFOPLIST_FILE = AdiChallengeTests/Info.plist;
				LD_RUNPATH_SEARCH_PATHS = (
					"$(inherited)",
					"@executable_path/Frameworks",
					"@loader_path/Frameworks",
				);
				PRODUCT_BUNDLE_IDENTIFIER = com.itianservices.AdiChallengeTests;
				PRODUCT_NAME = "$(TARGET_NAME)";
				SWIFT_VERSION = 5.0;
				TARGETED_DEVICE_FAMILY = "1,2";
				TEST_HOST = "$(BUILT_PRODUCTS_DIR)/AdiChallenge.app/AdiChallenge";
			};
			name = Debug;
		};
		016F6F2B2611317B008D0FAC /* Release */ = {
			isa = XCBuildConfiguration;
			buildSettings = {
				BUNDLE_LOADER = "$(TEST_HOST)";
				CODE_SIGN_STYLE = Automatic;
				DEVELOPMENT_TEAM = YSZYL893PN;
				INFOPLIST_FILE = AdiChallengeTests/Info.plist;
				LD_RUNPATH_SEARCH_PATHS = (
					"$(inherited)",
					"@executable_path/Frameworks",
					"@loader_path/Frameworks",
				);
				PRODUCT_BUNDLE_IDENTIFIER = com.itianservices.AdiChallengeTests;
				PRODUCT_NAME = "$(TARGET_NAME)";
				SWIFT_VERSION = 5.0;
				TARGETED_DEVICE_FAMILY = "1,2";
				TEST_HOST = "$(BUILT_PRODUCTS_DIR)/AdiChallenge.app/AdiChallenge";
			};
			name = Release;
		};
		01EB42F52611242E0098C30E /* Debug */ = {
			isa = XCBuildConfiguration;
			buildSettings = {
				CODE_SIGN_STYLE = Automatic;
				DEVELOPMENT_TEAM = YSZYL893PN;
				INFOPLIST_FILE = AdiChallengeUITests/Info.plist;
				LD_RUNPATH_SEARCH_PATHS = (
					"$(inherited)",
					"@executable_path/Frameworks",
					"@loader_path/Frameworks",
				);
				PRODUCT_BUNDLE_IDENTIFIER = com.itianservices.AdiChallengeUITests;
				PRODUCT_NAME = "$(TARGET_NAME)";
				SWIFT_VERSION = 5.0;
				TARGETED_DEVICE_FAMILY = "1,2";
				TEST_TARGET_NAME = AdiChallenge;
			};
			name = Debug;
		};
		01EB42F62611242E0098C30E /* Release */ = {
			isa = XCBuildConfiguration;
			buildSettings = {
				CODE_SIGN_STYLE = Automatic;
				DEVELOPMENT_TEAM = YSZYL893PN;
				INFOPLIST_FILE = AdiChallengeUITests/Info.plist;
				LD_RUNPATH_SEARCH_PATHS = (
					"$(inherited)",
					"@executable_path/Frameworks",
					"@loader_path/Frameworks",
				);
				PRODUCT_BUNDLE_IDENTIFIER = com.itianservices.AdiChallengeUITests;
				PRODUCT_NAME = "$(TARGET_NAME)";
				SWIFT_VERSION = 5.0;
				TARGETED_DEVICE_FAMILY = "1,2";
				TEST_TARGET_NAME = AdiChallenge;
			};
			name = Release;
		};
/* End XCBuildConfiguration section */

/* Begin XCConfigurationList section */
		0143CE76260E56D4007DA2F0 /* Build configuration list for PBXProject "AdiChallenge" */ = {
			isa = XCConfigurationList;
			buildConfigurations = (
				0143CE88260E56D4007DA2F0 /* Debug */,
				0143CE89260E56D4007DA2F0 /* Release */,
			);
			defaultConfigurationIsVisible = 0;
			defaultConfigurationName = Release;
		};
		0143CE8A260E56D4007DA2F0 /* Build configuration list for PBXNativeTarget "AdiChallenge" */ = {
			isa = XCConfigurationList;
			buildConfigurations = (
				0143CE8B260E56D4007DA2F0 /* Debug */,
				0143CE8C260E56D4007DA2F0 /* Release */,
			);
			defaultConfigurationIsVisible = 0;
			defaultConfigurationName = Release;
		};
		016F6F2C2611317B008D0FAC /* Build configuration list for PBXNativeTarget "AdiChallengeTests" */ = {
			isa = XCConfigurationList;
			buildConfigurations = (
				016F6F2A2611317B008D0FAC /* Debug */,
				016F6F2B2611317B008D0FAC /* Release */,
			);
			defaultConfigurationIsVisible = 0;
			defaultConfigurationName = Release;
		};
		01EB42F72611242E0098C30E /* Build configuration list for PBXNativeTarget "AdiChallengeUITests" */ = {
			isa = XCConfigurationList;
			buildConfigurations = (
				01EB42F52611242E0098C30E /* Debug */,
				01EB42F62611242E0098C30E /* Release */,
			);
			defaultConfigurationIsVisible = 0;
			defaultConfigurationName = Release;
		};
/* End XCConfigurationList section */

/* Begin XCRemoteSwiftPackageReference section */
		016F6F36261136CF008D0FAC /* XCRemoteSwiftPackageReference "OHHTTPStubs" */ = {
			isa = XCRemoteSwiftPackageReference;
			repositoryURL = "https://github.com/AliSoftware/OHHTTPStubs.git";
			requirement = {
				kind = upToNextMajorVersion;
				minimumVersion = 9.1.0;
			};
		};
/* End XCRemoteSwiftPackageReference section */

/* Begin XCSwiftPackageProductDependency section */
		016F6F37261136CF008D0FAC /* OHHTTPStubs */ = {
			isa = XCSwiftPackageProductDependency;
			package = 016F6F36261136CF008D0FAC /* XCRemoteSwiftPackageReference "OHHTTPStubs" */;
			productName = OHHTTPStubs;
		};
		016F6F39261136CF008D0FAC /* OHHTTPStubsSwift */ = {
			isa = XCSwiftPackageProductDependency;
			package = 016F6F36261136CF008D0FAC /* XCRemoteSwiftPackageReference "OHHTTPStubs" */;
			productName = OHHTTPStubsSwift;
		};
/* End XCSwiftPackageProductDependency section */
	};
	rootObject = 0143CE73260E56D4007DA2F0 /* Project object */;
}
